// !$*UTF8*$!
{
	archiveVersion = 1;
	classes = {
	};
	objectVersion = 55;
	objects = {

/* Begin PBXBuildFile section */
		F122AE2529383B5700FBA6C1 /* AppDelegate.swift in Sources */ = {isa = PBXBuildFile; fileRef = F122AE2429383B5700FBA6C1 /* AppDelegate.swift */; };
		F122AE2729383B5700FBA6C1 /* SceneDelegate.swift in Sources */ = {isa = PBXBuildFile; fileRef = F122AE2629383B5700FBA6C1 /* SceneDelegate.swift */; };
		F122AE2929383B5700FBA6C1 /* ViewController.swift in Sources */ = {isa = PBXBuildFile; fileRef = F122AE2829383B5700FBA6C1 /* ViewController.swift */; };
		F122AE2C29383B5700FBA6C1 /* Main.storyboard in Resources */ = {isa = PBXBuildFile; fileRef = F122AE2A29383B5700FBA6C1 /* Main.storyboard */; };
		F122AE2E29383B5C00FBA6C1 /* Assets.xcassets in Resources */ = {isa = PBXBuildFile; fileRef = F122AE2D29383B5C00FBA6C1 /* Assets.xcassets */; };
		F122AE3129383B5C00FBA6C1 /* LaunchScreen.storyboard in Resources */ = {isa = PBXBuildFile; fileRef = F122AE2F29383B5C00FBA6C1 /* LaunchScreen.storyboard */; };
		F122AE392938408800FBA6C1 /* NavigationViewController.swift in Sources */ = {isa = PBXBuildFile; fileRef = F122AE382938408800FBA6C1 /* NavigationViewController.swift */; };
		F122AE3B293842C000FBA6C1 /* CustomTableViewCell.swift in Sources */ = {isa = PBXBuildFile; fileRef = F122AE3A293842C000FBA6C1 /* CustomTableViewCell.swift */; };
		F122AE3D29384E8000FBA6C1 /* CollectionViewController.swift in Sources */ = {isa = PBXBuildFile; fileRef = F122AE3C29384E8000FBA6C1 /* CollectionViewController.swift */; };
		F122AE3F293851B800FBA6C1 /* CustomCollectionViewCell.swift in Sources */ = {isa = PBXBuildFile; fileRef = F122AE3E293851B800FBA6C1 /* CustomCollectionViewCell.swift */; };
/* End PBXBuildFile section */

/* Begin PBXFileReference section */
		F122AE2129383B5700FBA6C1 /* TableViewAndCollectionView.app */ = {isa = PBXFileReference; explicitFileType = wrapper.application; includeInIndex = 0; path = TableViewAndCollectionView.app; sourceTree = BUILT_PRODUCTS_DIR; };
		F122AE2429383B5700FBA6C1 /* AppDelegate.swift */ = {isa = PBXFileReference; lastKnownFileType = sourcecode.swift; path = AppDelegate.swift; sourceTree = "<group>"; };
		F122AE2629383B5700FBA6C1 /* SceneDelegate.swift */ = {isa = PBXFileReference; lastKnownFileType = sourcecode.swift; path = SceneDelegate.swift; sourceTree = "<group>"; };
		F122AE2829383B5700FBA6C1 /* ViewController.swift */ = {isa = PBXFileReference; lastKnownFileType = sourcecode.swift; path = ViewController.swift; sourceTree = "<group>"; };
		F122AE2B29383B5700FBA6C1 /* Base */ = {isa = PBXFileReference; lastKnownFileType = file.storyboard; name = Base; path = Base.lproj/Main.storyboard; sourceTree = "<group>"; };
		F122AE2D29383B5C00FBA6C1 /* Assets.xcassets */ = {isa = PBXFileReference; lastKnownFileType = folder.assetcatalog; path = Assets.xcassets; sourceTree = "<group>"; };
		F122AE3029383B5C00FBA6C1 /* Base */ = {isa = PBXFileReference; lastKnownFileType = file.storyboard; name = Base; path = Base.lproj/LaunchScreen.storyboard; sourceTree = "<group>"; };
		F122AE3229383B5C00FBA6C1 /* Info.plist */ = {isa = PBXFileReference; lastKnownFileType = text.plist.xml; path = Info.plist; sourceTree = "<group>"; };
		F122AE382938408800FBA6C1 /* NavigationViewController.swift */ = {isa = PBXFileReference; lastKnownFileType = sourcecode.swift; path = NavigationViewController.swift; sourceTree = "<group>"; };
		F122AE3A293842C000FBA6C1 /* CustomTableViewCell.swift */ = {isa = PBXFileReference; lastKnownFileType = sourcecode.swift; path = CustomTableViewCell.swift; sourceTree = "<group>"; };
		F122AE3C29384E8000FBA6C1 /* CollectionViewController.swift */ = {isa = PBXFileReference; lastKnownFileType = sourcecode.swift; path = CollectionViewController.swift; sourceTree = "<group>"; };
		F122AE3E293851B800FBA6C1 /* CustomCollectionViewCell.swift */ = {isa = PBXFileReference; lastKnownFileType = sourcecode.swift; path = CustomCollectionViewCell.swift; sourceTree = "<group>"; };
/* End PBXFileReference section */

/* Begin PBXFrameworksBuildPhase section */
		F122AE1E29383B5700FBA6C1 /* Frameworks */ = {
			isa = PBXFrameworksBuildPhase;
			buildActionMask = 2147483647;
			files = (
			);
			runOnlyForDeploymentPostprocessing = 0;
		};
/* End PBXFrameworksBuildPhase section */

/* Begin PBXGroup section */
		F122AE1829383B5600FBA6C1 = {
			isa = PBXGroup;
			children = (
				F122AE2329383B5700FBA6C1 /* TableViewAndCollectionView */,
				F122AE2229383B5700FBA6C1 /* Products */,
			);
			sourceTree = "<group>";
		};
		F122AE2229383B5700FBA6C1 /* Products */ = {
			isa = PBXGroup;
			children = (
				F122AE2129383B5700FBA6C1 /* TableViewAndCollectionView.app */,
			);
			name = Products;
			sourceTree = "<group>";
		};
		F122AE2329383B5700FBA6C1 /* TableViewAndCollectionView */ = {
			isa = PBXGroup;
			children = (
				F122AE2429383B5700FBA6C1 /* AppDelegate.swift */,
				F122AE2629383B5700FBA6C1 /* SceneDelegate.swift */,
				F122AE3A293842C000FBA6C1 /* CustomTableViewCell.swift */,
				F122AE3E293851B800FBA6C1 /* CustomCollectionViewCell.swift */,
				F122AE3C29384E8000FBA6C1 /* CollectionViewController.swift */,
				F122AE2829383B5700FBA6C1 /* ViewController.swift */,
				F122AE382938408800FBA6C1 /* NavigationViewController.swift */,
				F122AE2A29383B5700FBA6C1 /* Main.storyboard */,
				F122AE2D29383B5C00FBA6C1 /* Assets.xcassets */,
				F122AE2F29383B5C00FBA6C1 /* LaunchScreen.storyboard */,
				F122AE3229383B5C00FBA6C1 /* Info.plist */,
			);
			path = TableViewAndCollectionView;
			sourceTree = "<group>";
		};
/* End PBXGroup section */

/* Begin PBXNativeTarget section */
		F122AE2029383B5700FBA6C1 /* TableViewAndCollectionView */ = {
			isa = PBXNativeTarget;
			buildConfigurationList = F122AE3529383B5C00FBA6C1 /* Build configuration list for PBXNativeTarget "TableViewAndCollectionView" */;
			buildPhases = (
				F122AE1D29383B5700FBA6C1 /* Sources */,
				F122AE1E29383B5700FBA6C1 /* Frameworks */,
				F122AE1F29383B5700FBA6C1 /* Resources */,
			);
			buildRules = (
			);
			dependencies = (
			);
			name = TableViewAndCollectionView;
			productName = TableViewAndCollectionView;
			productReference = F122AE2129383B5700FBA6C1 /* TableViewAndCollectionView.app */;
			productType = "com.apple.product-type.application";
		};
/* End PBXNativeTarget section */

/* Begin PBXProject section */
		F122AE1929383B5600FBA6C1 /* Project object */ = {
			isa = PBXProject;
			attributes = {
				BuildIndependentTargetsInParallel = 1;
				LastSwiftUpdateCheck = 1340;
				LastUpgradeCheck = 1340;
				TargetAttributes = {
					F122AE2029383B5700FBA6C1 = {
						CreatedOnToolsVersion = 13.4.1;
					};
				};
			};
			buildConfigurationList = F122AE1C29383B5600FBA6C1 /* Build configuration list for PBXProject "TableViewAndCollectionView" */;
			compatibilityVersion = "Xcode 13.0";
			developmentRegion = en;
			hasScannedForEncodings = 0;
			knownRegions = (
				en,
				Base,
			);
			mainGroup = F122AE1829383B5600FBA6C1;
			productRefGroup = F122AE2229383B5700FBA6C1 /* Products */;
			projectDirPath = "";
			projectRoot = "";
			targets = (
				F122AE2029383B5700FBA6C1 /* TableViewAndCollectionView */,
			);
		};
/* End PBXProject section */

/* Begin PBXResourcesBuildPhase section */
		F122AE1F29383B5700FBA6C1 /* Resources */ = {
			isa = PBXResourcesBuildPhase;
			buildActionMask = 2147483647;
			files = (
				F122AE3129383B5C00FBA6C1 /* LaunchScreen.storyboard in Resources */,
				F122AE2E29383B5C00FBA6C1 /* Assets.xcassets in Resources */,
				F122AE2C29383B5700FBA6C1 /* Main.storyboard in Resources */,
			);
			runOnlyForDeploymentPostprocessing = 0;
		};
/* End PBXResourcesBuildPhase section */

/* Begin PBXSourcesBuildPhase section */
		F122AE1D29383B5700FBA6C1 /* Sources */ = {
			isa = PBXSourcesBuildPhase;
			buildActionMask = 2147483647;
			files = (
				F122AE3D29384E8000FBA6C1 /* CollectionViewController.swift in Sources */,
				F122AE3F293851B800FBA6C1 /* CustomCollectionViewCell.swift in Sources */,
				F122AE392938408800FBA6C1 /* NavigationViewController.swift in Sources */,
				F122AE3B293842C000FBA6C1 /* CustomTableViewCell.swift in Sources */,
				F122AE2929383B5700FBA6C1 /* ViewController.swift in Sources */,
				F122AE2529383B5700FBA6C1 /* AppDelegate.swift in Sources */,
				F122AE2729383B5700FBA6C1 /* SceneDelegate.swift in Sources */,
			);
			runOnlyForDeploymentPostprocessing = 0;
		};
/* End PBXSourcesBuildPhase section */

/* Begin PBXVariantGroup section */
		F122AE2A29383B5700FBA6C1 /* Main.storyboard */ = {
			isa = PBXVariantGroup;
			children = (
				F122AE2B29383B5700FBA6C1 /* Base */,
			);
			name = Main.storyboard;
			sourceTree = "<group>";
		};
		F122AE2F29383B5C00FBA6C1 /* LaunchScreen.storyboard */ = {
			isa = PBXVariantGroup;
			children = (
				F122AE3029383B5C00FBA6C1 /* Base */,
			);
			name = LaunchScreen.storyboard;
			sourceTree = "<group>";
		};
/* End PBXVariantGroup section */

/* Begin XCBuildConfiguration section */
		F122AE3329383B5C00FBA6C1 /* Debug */ = {
			isa = XCBuildConfiguration;
			buildSettings = {
				ALWAYS_SEARCH_USER_PATHS = NO;
				CLANG_ANALYZER_NONNULL = YES;
				CLANG_ANALYZER_NUMBER_OBJECT_CONVERSION = YES_AGGRESSIVE;
				CLANG_CXX_LANGUAGE_STANDARD = "gnu++17";
				CLANG_ENABLE_MODULES = YES;
				CLANG_ENABLE_OBJC_ARC = YES;
				CLANG_ENABLE_OBJC_WEAK = YES;
				CLANG_WARN_BLOCK_CAPTURE_AUTORELEASING = YES;
				CLANG_WARN_BOOL_CONVERSION = YES;
				CLANG_WARN_COMMA = YES;
				CLANG_WARN_CONSTANT_CONVERSION = YES;
				CLANG_WARN_DEPRECATED_OBJC_IMPLEMENTATIONS = YES;
				CLANG_WARN_DIRECT_OBJC_ISA_USAGE = YES_ERROR;
				CLANG_WARN_DOCUMENTATION_COMMENTS = YES;
				CLANG_WARN_EMPTY_BODY = YES;
				CLANG_WARN_ENUM_CONVERSION = YES;
				CLANG_WARN_INFINITE_RECURSION = YES;
				CLANG_WARN_INT_CONVERSION = YES;
				CLANG_WARN_NON_LITERAL_NULL_CONVERSION = YES;
				CLANG_WARN_OBJC_IMPLICIT_RETAIN_SELF = YES;
				CLANG_WARN_OBJC_LITERAL_CONVERSION = YES;
				CLANG_WARN_OBJC_ROOT_CLASS = YES_ERROR;
				CLANG_WARN_QUOTED_INCLUDE_IN_FRAMEWORK_HEADER = YES;
				CLANG_WARN_RANGE_LOOP_ANALYSIS = YES;
				CLANG_WARN_STRICT_PROTOTYPES = YES;
				CLANG_WARN_SUSPICIOUS_MOVE = YES;
				CLANG_WARN_UNGUARDED_AVAILABILITY = YES_AGGRESSIVE;
				CLANG_WARN_UNREACHABLE_CODE = YES;
				CLANG_WARN__DUPLICATE_METHOD_MATCH = YES;
				COPY_PHASE_STRIP = NO;
				DEBUG_INFORMATION_FORMAT = dwarf;
				ENABLE_STRICT_OBJC_MSGSEND = YES;
				ENABLE_TESTABILITY = YES;
				GCC_C_LANGUAGE_STANDARD = gnu11;
				GCC_DYNAMIC_NO_PIC = NO;
				GCC_NO_COMMON_BLOCKS = YES;
				GCC_OPTIMIZATION_LEVEL = 0;
				GCC_PREPROCESSOR_DEFINITIONS = (
					"DEBUG=1",
					"$(inherited)",
				);
				GCC_WARN_64_TO_32_BIT_CONVERSION = YES;
				GCC_WARN_ABOUT_RETURN_TYPE = YES_ERROR;
				GCC_WARN_UNDECLARED_SELECTOR = YES;
				GCC_WARN_UNINITIALIZED_AUTOS = YES_AGGRESSIVE;
				GCC_WARN_UNUSED_FUNCTION = YES;
				GCC_WARN_UNUSED_VARIABLE = YES;
				IPHONEOS_DEPLOYMENT_TARGET = 15.5;
				MTL_ENABLE_DEBUG_INFO = INCLUDE_SOURCE;
				MTL_FAST_MATH = YES;
				ONLY_ACTIVE_ARCH = YES;
				SDKROOT = iphoneos;
				SWIFT_ACTIVE_COMPILATION_CONDITIONS = DEBUG;
				SWIFT_OPTIMIZATION_LEVEL = "-Onone";
			};
			name = Debug;
		};
		F122AE3429383B5C00FBA6C1 /* Release */ = {
			isa = XCBuildConfiguration;
			buildSettings = {
				ALWAYS_SEARCH_USER_PATHS = NO;
				CLANG_ANALYZER_NONNULL = YES;
				CLANG_ANALYZER_NUMBER_OBJECT_CONVERSION = YES_AGGRESSIVE;
				CLANG_CXX_LANGUAGE_STANDARD = "gnu++17";
				CLANG_ENABLE_MODULES = YES;
				CLANG_ENABLE_OBJC_ARC = YES;
				CLANG_ENABLE_OBJC_WEAK = YES;
				CLANG_WARN_BLOCK_CAPTURE_AUTORELEASING = YES;
				CLANG_WARN_BOOL_CONVERSION = YES;
				CLANG_WARN_COMMA = YES;
				CLANG_WARN_CONSTANT_CONVERSION = YES;
				CLANG_WARN_DEPRECATED_OBJC_IMPLEMENTATIONS = YES;
				CLANG_WARN_DIRECT_OBJC_ISA_USAGE = YES_ERROR;
				CLANG_WARN_DOCUMENTATION_COMMENTS = YES;
				CLANG_WARN_EMPTY_BODY = YES;
				CLANG_WARN_ENUM_CONVERSION = YES;
				CLANG_WARN_INFINITE_RECURSION = YES;
				CLANG_WARN_INT_CONVERSION = YES;
				CLANG_WARN_NON_LITERAL_NULL_CONVERSION = YES;
				CLANG_WARN_OBJC_IMPLICIT_RETAIN_SELF = YES;
				CLANG_WARN_OBJC_LITERAL_CONVERSION = YES;
				CLANG_WARN_OBJC_ROOT_CLASS = YES_ERROR;
				CLANG_WARN_QUOTED_INCLUDE_IN_FRAMEWORK_HEADER = YES;
				CLANG_WARN_RANGE_LOOP_ANALYSIS = YES;
				CLANG_WARN_STRICT_PROTOTYPES = YES;
				CLANG_WARN_SUSPICIOUS_MOVE = YES;
				CLANG_WARN_UNGUARDED_AVAILABILITY = YES_AGGRESSIVE;
				CLANG_WARN_UNREACHABLE_CODE = YES;
				CLANG_WARN__DUPLICATE_METHOD_MATCH = YES;
				COPY_PHASE_STRIP = NO;
				DEBUG_INFORMATION_FORMAT = "dwarf-with-dsym";
				ENABLE_NS_ASSERTIONS = NO;
				ENABLE_STRICT_OBJC_MSGSEND = YES;
				GCC_C_LANGUAGE_STANDARD = gnu11;
				GCC_NO_COMMON_BLOCKS = YES;
				GCC_WARN_64_TO_32_BIT_CONVERSION = YES;
				GCC_WARN_ABOUT_RETURN_TYPE = YES_ERROR;
				GCC_WARN_UNDECLARED_SELECTOR = YES;
				GCC_WARN_UNINITIALIZED_AUTOS = YES_AGGRESSIVE;
				GCC_WARN_UNUSED_FUNCTION = YES;
				GCC_WARN_UNUSED_VARIABLE = YES;
				IPHONEOS_DEPLOYMENT_TARGET = 15.5;
				MTL_ENABLE_DEBUG_INFO = NO;
				MTL_FAST_MATH = YES;
				SDKROOT = iphoneos;
				SWIFT_COMPILATION_MODE = wholemodule;
				SWIFT_OPTIMIZATION_LEVEL = "-O";
				VALIDATE_PRODUCT = YES;
			};
			name = Release;
		};
		F122AE3629383B5C00FBA6C1 /* Debug */ = {
			isa = XCBuildConfiguration;
			buildSettings = {
				ASSETCATALOG_COMPILER_APPICON_NAME = AppIcon;
				ASSETCATALOG_COMPILER_GLOBAL_ACCENT_COLOR_NAME = AccentColor;
				CODE_SIGN_STYLE = Automatic;
				CURRENT_PROJECT_VERSION = 1;
				GENERATE_INFOPLIST_FILE = YES;
				INFOPLIST_FILE = TableViewAndCollectionView/Info.plist;
				INFOPLIST_KEY_UIApplicationSupportsIndirectInputEvents = YES;
				INFOPLIST_KEY_UILaunchStoryboardName = LaunchScreen;
				INFOPLIST_KEY_UIMainStoryboardFile = Main;
				INFOPLIST_KEY_UISupportedInterfaceOrientations_iPad = "UIInterfaceOrientationPortrait UIInterfaceOrientationPortraitUpsideDown UIInterfaceOrientationLandscapeLeft UIInterfaceOrientationLandscapeRight";
				INFOPLIST_KEY_UISupportedInterfaceOrientations_iPhone = "UIInterfaceOrientationPortrait UIInterfaceOrientationLandscapeLeft UIInterfaceOrientationLandscapeRight";
				LD_RUNPATH_SEARCH_PATHS = (
					"$(inherited)",
					"@executable_path/Frameworks",
				);
				MARKETING_VERSION = 1.0;
				PRODUCT_BUNDLE_IDENTIFIER = io.hiepchau.TableViewAndCollectionView;
				PRODUCT_NAME = "$(TARGET_NAME)";
				SWIFT_EMIT_LOC_STRINGS = YES;
				SWIFT_VERSION = 5.0;
				TARGETED_DEVICE_FAMILY = "1,2";
			};
			name = Debug;
		};
		F122AE3729383B5C00FBA6C1 /* Release */ = {
			isa = XCBuildConfiguration;
			buildSettings = {
				ASSETCATALOG_COMPILER_APPICON_NAME = AppIcon;
				ASSETCATALOG_COMPILER_GLOBAL_ACCENT_COLOR_NAME = AccentColor;
				CODE_SIGN_STYLE = Automatic;
				CURRENT_PROJECT_VERSION = 1;
				GENERATE_INFOPLIST_FILE = YES;
				INFOPLIST_FILE = TableViewAndCollectionView/Info.plist;
				INFOPLIST_KEY_UIApplicationSupportsIndirectInputEvents = YES;
				INFOPLIST_KEY_UILaunchStoryboardName = LaunchScreen;
				INFOPLIST_KEY_UIMainStoryboardFile = Main;
				INFOPLIST_KEY_UISupportedInterfaceOrientations_iPad = "UIInterfaceOrientationPortrait UIInterfaceOrientationPortraitUpsideDown UIInterfaceOrientationLandscapeLeft UIInterfaceOrientationLandscapeRight";
				INFOPLIST_KEY_UISupportedInterfaceOrientations_iPhone = "UIInterfaceOrientationPortrait UIInterfaceOrientationLandscapeLeft UIInterfaceOrientationLandscapeRight";
				LD_RUNPATH_SEARCH_PATHS = (
					"$(inherited)",
					"@executable_path/Frameworks",
				);
				MARKETING_VERSION = 1.0;
				PRODUCT_BUNDLE_IDENTIFIER = io.hiepchau.TableViewAndCollectionView;
				PRODUCT_NAME = "$(TARGET_NAME)";
				SWIFT_EMIT_LOC_STRINGS = YES;
				SWIFT_VERSION = 5.0;
				TARGETED_DEVICE_FAMILY = "1,2";
			};
			name = Release;
		};
/* End XCBuildConfiguration section */

/* Begin XCConfigurationList section */
		F122AE1C29383B5600FBA6C1 /* Build configuration list for PBXProject "TableViewAndCollectionView" */ = {
			isa = XCConfigurationList;
			buildConfigurations = (
				F122AE3329383B5C00FBA6C1 /* Debug */,
				F122AE3429383B5C00FBA6C1 /* Release */,
			);
			defaultConfigurationIsVisible = 0;
			defaultConfigurationName = Release;
		};
		F122AE3529383B5C00FBA6C1 /* Build configuration list for PBXNativeTarget "TableViewAndCollectionView" */ = {
			isa = XCConfigurationList;
			buildConfigurations = (
				F122AE3629383B5C00FBA6C1 /* Debug */,
				F122AE3729383B5C00FBA6C1 /* Release */,
			);
			defaultConfigurationIsVisible = 0;
			defaultConfigurationName = Release;
		};
/* End XCConfigurationList section */
	};
	rootObject = F122AE1929383B5600FBA6C1 /* Project object */;
}
